# THIS IS AN AUTOGENERATED FILE. DO NOT EDIT THIS FILE DIRECTLY.
# yarn lockfile v1


"@types/google-maps@^3.2.0":
  version "3.2.0"
  resolved "https://registry.yarnpkg.com/@types/google-maps/-/google-maps-3.2.0.tgz#804a3ae9ac9265b4e0d1508b5b9b894867974f82"
  integrity sha1-gEo66aySZbTg0VCLW5uJSGeXT4I=
  dependencies:
    "@types/googlemaps" "*"

"@types/googlemaps@*":
  version "3.30.19"
  resolved "https://registry.yarnpkg.com/@types/googlemaps/-/googlemaps-3.30.19.tgz#359c025e244490b0775826fb216bed093fd66b16"
  integrity sha512-9uzg5jC6FRyAsMrhOLnUbblyN1xbcOVnqecQZxrnCDxTKssn4lwk0K4EWsw/sw8cJX32MFRMivyAT8dX/JBatg==

google-maps@^3.3.0:
  version "3.3.0"
  resolved "https://registry.yarnpkg.com/google-maps/-/google-maps-3.3.0.tgz#4432b4715406bc15268ad35b1dd1b04d974956a6"
  integrity sha512-pj4En0cWKG+lcBvC7qrzu5ItiMsYNTgjG2capsPzAbAM/O8ftugGpUUftTTwdGL8KlNvB4CEZ6IBWwpWYzUEpw==
